
Microsoft Visual Studio Solution File, Format Version 12.00
# Visual Studio Version 17
VisualStudioVersion = 17.0.31903.59
MinimumVisualStudioVersion = 10.0.40219.1
Project("{FAE04EC0-301F-11D3-BF4B-00C04F79EFBC}") = "SmoothOperator", "SmoothOperator\SmoothOperator.csproj", "{DBF2E456-185B-4893-9E58-5D825C425C13}"
EndProject
Project("{FAE04EC0-301F-11D3-BF4B-00C04F79EFBC}") = "Cilindro", "Cilindro\Cilindro.csproj", "{127AAABC-7D95-4D2C-8EA1-99C8859887F6}"
EndProject
Project("{FAE04EC0-301F-11D3-BF4B-00C04F79EFBC}") = "ValoresEspeciais", "ValoresEspeciais\ValoresEspeciais.csproj", "{350A11ED-2BBA-402F-9D2C-72FDC6B87FCF}"
EndProject
Project("{FAE04EC0-301F-11D3-BF4B-00C04F79EFBC}") = "ChatGPTZero", "ChatGPTZero\ChatGPTZero.csproj", "{ACE5E080-0722-4C09-B8E0-66827B5B7C08}"
EndProject
Project("{FAE04EC0-301F-11D3-BF4B-00C04F79EFBC}") = "BreakContinue", "BreakContinue\BreakContinue.csproj", "{7E12353F-820F-4D9D-B286-3A8222DFD21F}"
EndProject
Project("{FAE04EC0-301F-11D3-BF4B-00C04F79EFBC}") = "ChatGPTOne", "ChatGPTOne\ChatGPTOne.csproj", "{2C352050-F299-491B-AAE0-8F415AC79745}"
EndProject
Project("{FAE04EC0-301F-11D3-BF4B-00C04F79EFBC}") = "MasterAndPlayer", "MasterAndPlayer\MasterAndPlayer.csproj", "{8537FEC9-BE66-448D-93BB-4FE12996CC4F}"
EndProject
Global
	GlobalSection(SolutionConfigurationPlatforms) = preSolution
		Debug|Any CPU = Debug|Any CPU
		Release|Any CPU = Release|Any CPU
	EndGlobalSection
	GlobalSection(SolutionProperties) = preSolution
		HideSolutionNode = FALSE
	EndGlobalSection
	GlobalSection(ProjectConfigurationPlatforms) = postSolution
		{DBF2E456-185B-4893-9E58-5D825C425C13}.Debug|Any CPU.ActiveCfg = Debug|Any CPU
		{DBF2E456-185B-4893-9E58-5D825C425C13}.Debug|Any CPU.Build.0 = Debug|Any CPU
		{DBF2E456-185B-4893-9E58-5D825C425C13}.Release|Any CPU.ActiveCfg = Release|Any CPU
		{DBF2E456-185B-4893-9E58-5D825C425C13}.Release|Any CPU.Build.0 = Release|Any CPU
		{127AAABC-7D95-4D2C-8EA1-99C8859887F6}.Debug|Any CPU.ActiveCfg = Debug|Any CPU
		{127AAABC-7D95-4D2C-8EA1-99C8859887F6}.Debug|Any CPU.Build.0 = Debug|Any CPU
		{127AAABC-7D95-4D2C-8EA1-99C8859887F6}.Release|Any CPU.ActiveCfg = Release|Any CPU
		{127AAABC-7D95-4D2C-8EA1-99C8859887F6}.Release|Any CPU.Build.0 = Release|Any CPU
		{350A11ED-2BBA-402F-9D2C-72FDC6B87FCF}.Debug|Any CPU.ActiveCfg = Debug|Any CPU
		{350A11ED-2BBA-402F-9D2C-72FDC6B87FCF}.Debug|Any CPU.Build.0 = Debug|Any CPU
		{350A11ED-2BBA-402F-9D2C-72FDC6B87FCF}.Release|Any CPU.ActiveCfg = Release|Any CPU
		{350A11ED-2BBA-402F-9D2C-72FDC6B87FCF}.Release|Any CPU.Build.0 = Release|Any CPU
		{ACE5E080-0722-4C09-B8E0-66827B5B7C08}.Debug|Any CPU.ActiveCfg = Debug|Any CPU
		{ACE5E080-0722-4C09-B8E0-66827B5B7C08}.Debug|Any CPU.Build.0 = Debug|Any CPU
		{ACE5E080-0722-4C09-B8E0-66827B5B7C08}.Release|Any CPU.ActiveCfg = Release|Any CPU
		{ACE5E080-0722-4C09-B8E0-66827B5B7C08}.Release|Any CPU.Build.0 = Release|Any CPU
		{7E12353F-820F-4D9D-B286-3A8222DFD21F}.Debug|Any CPU.ActiveCfg = Debug|Any CPU
		{7E12353F-820F-4D9D-B286-3A8222DFD21F}.Debug|Any CPU.Build.0 = Debug|Any CPU
		{7E12353F-820F-4D9D-B286-3A8222DFD21F}.Release|Any CPU.ActiveCfg = Release|Any CPU
		{7E12353F-820F-4D9D-B286-3A8222DFD21F}.Release|Any CPU.Build.0 = Release|Any CPU
		{2C352050-F299-491B-AAE0-8F415AC79745}.Debug|Any CPU.ActiveCfg = Debug|Any CPU
		{2C352050-F299-491B-AAE0-8F415AC79745}.Debug|Any CPU.Build.0 = Debug|Any CPU
		{2C352050-F299-491B-AAE0-8F415AC79745}.Release|Any CPU.ActiveCfg = Release|Any CPU
		{2C352050-F299-491B-AAE0-8F415AC79745}.Release|Any CPU.Build.0 = Release|Any CPU
		{8537FEC9-BE66-448D-93BB-4FE12996CC4F}.Debug|Any CPU.ActiveCfg = Debug|Any CPU
		{8537FEC9-BE66-448D-93BB-4FE12996CC4F}.Debug|Any CPU.Build.0 = Debug|Any CPU
		{8537FEC9-BE66-448D-93BB-4FE12996CC4F}.Release|Any CPU.ActiveCfg = Release|Any CPU
		{8537FEC9-BE66-448D-93BB-4FE12996CC4F}.Release|Any CPU.Build.0 = Release|Any CPU
	EndGlobalSection
EndGlobal
